<?xml version="1.0" encoding="utf-8"?>
<Project ToolsVersion="4.0" xmlns="http://schemas.microsoft.com/developer/msbuild/2003">
  <ItemGroup>
    <Filter Include="头文件">
      <UniqueIdentifier>{93995380-89BD-4b04-88EB-625FBE52EBFB}</UniqueIdentifier>
      <Extensions>h;hpp;hxx;hm;inl;inc;xsd</Extensions>
    </Filter>
    <Filter Include="资源文件">
      <UniqueIdentifier>{67DA6AB6-F800-4c08-8B7A-83BB121AAD01}</UniqueIdentifier>
      <Extensions>rc;ico;cur;bmp;dlg;rc2;rct;bin;rgs;gif;jpg;jpeg;jpe;resx;tiff;tif;png;wav</Extensions>
    </Filter>
    <Filter Include="源文件">
      <UniqueIdentifier>{4FC737F1-C7A5-4376-A066-2A32D752A2FF}</UniqueIdentifier>
      <Extensions>cpp;c;cc;cxx;def;odl;idl;hpj;bat;asm;asmx</Extensions>
    </Filter>
  </ItemGroup>
  <ItemGroup>
    <ClCompile Include="MyList.cpp">
      <Filter>源文件</Filter>
    </ClCompile>
    <ClCompile Include="MyTree.cpp">
      <Filter>源文件</Filter>
    </ClCompile>
    <ClCompile Include="stdafx.cpp">
      <Filter>源文件</Filter>
    </ClCompile>
    <ClCompile Include="TestDemo.cpp">
      <Filter>源文件</Filter>
    </ClCompile>
    <ClCompile Include="TestDemoDlg.cpp">
      <Filter>源文件</Filter>
    </ClCompile>
    <ClCompile Include="NewFileDlg.cpp">
      <Filter>源文件</Filter>
    </ClCompile>
    <ClCompile Include="RenameFileDlg.cpp">
      <Filter>源文件</Filter>
    </ClCompile>
    <ClCompile Include="MoveFileDlg.cpp">
      <Filter>源文件</Filter>
    </ClCompile>
    <ClCompile Include="SearchFile.cpp">
      <Filter>源文件</Filter>
    </ClCompile>
    <ClCompile Include="NewFolderDlg.cpp">
      <Filter>源文件</Filter>
    </ClCompile>
    <ClCompile Include="ProcessManager.cpp">
      <Filter>源文件</Filter>
    </ClCompile>
    <ClCompile Include="DeleteFile.cpp">
      <Filter>源文件</Filter>
    </ClCompile>
    <ClCompile Include="CopyFile.cpp">
      <Filter>源文件</Filter>
    </ClCompile>
  </ItemGroup>
  <ItemGroup>
    <ClInclude Include="MyList.h">
      <Filter>头文件</Filter>
    </ClInclude>
    <ClInclude Include="MyTree.h">
      <Filter>头文件</Filter>
    </ClInclude>
    <ClInclude Include="Resource.h">
      <Filter>头文件</Filter>
    </ClInclude>
    <ClInclude Include="stdafx.h">
      <Filter>头文件</Filter>
    </ClInclude>
    <ClInclude Include="targetver.h">
      <Filter>头文件</Filter>
    </ClInclude>
    <ClInclude Include="TestDemo.h">
      <Filter>头文件</Filter>
    </ClInclude>
    <ClInclude Include="TestDemoDlg.h">
      <Filter>头文件</Filter>
    </ClInclude>
    <ClInclude Include="NewFileDlg.h">
      <Filter>头文件</Filter>
    </ClInclude>
    <ClInclude Include="RenameFileDlg.h">
      <Filter>头文件</Filter>
    </ClInclude>
    <ClInclude Include="MoveFileDlg.h">
      <Filter>头文件</Filter>
    </ClInclude>
    <ClInclude Include="SearchFile.h">
      <Filter>头文件</Filter>
    </ClInclude>
    <ClInclude Include="NewFolderDlg.h">
      <Filter>头文件</Filter>
    </ClInclude>
    <ClInclude Include="ProcessManager.h">
      <Filter>头文件</Filter>
    </ClInclude>
    <ClInclude Include="DeleteFile.h">
      <Filter>头文件</Filter>
    </ClInclude>
    <ClInclude Include="CopyFile.h">
      <Filter>头文件</Filter>
    </ClInclude>
  </ItemGroup>
  <ItemGroup>
    <Image Include="res\Goto.ico">
      <Filter>资源文件</Filter>
    </Image>
    <Image Include="res\icon1.ico">
      <Filter>资源文件</Filter>
    </Image>
    <Image Include="res\icon2.ico">
      <Filter>资源文件</Filter>
    </Image>
    <Image Include="res\icon3.ico">
      <Filter>资源文件</Filter>
    </Image>
    <Image Include="res\icon4.ico">
      <Filter>资源文件</Filter>
    </Image>
    <Image Include="res\TestDemo.ico">
      <Filter>资源文件</Filter>
    </Image>
  </ItemGroup>
  <ItemGroup>
    <ResourceCompile Include="TestDemo.rc">
      <Filter>资源文件</Filter>
    </ResourceCompile>
  </ItemGroup>
  <ItemGroup>
    <None Include="ClassDiagram.cd" />
  </ItemGroup>
  <ItemGroup>
    <Text Include="ReadMe.txt" />
  </ItemGroup>
</Project>